
Microsoft Visual Studio Solution File, Format Version 12.00
# Visual Studio Version 16
VisualStudioVersion = 16.0.30611.23
MinimumVisualStudioVersion = 10.0.40219.1
Project("{FAE04EC0-301F-11D3-BF4B-00C04F79EFBC}") = "TryToFigureRUIVMVHBindingIssue", "TryToFigureRUIVMVHBindingIssue\TryToFigureRUIVMVHBindingIssue.csproj", "{81734333-C2F6-4147-A46F-44250A681D8B}"
EndProject
Project("{FAE04EC0-301F-11D3-BF4B-00C04F79EFBC}") = "FirstFix", "FirstFix\FirstFix.csproj", "{B12A007E-F453-4EE4-B806-C972CF815D86}"
EndProject
Global
	GlobalSection(SolutionConfigurationPlatforms) = preSolution
		Debug|Any CPU = Debug|Any CPU
		Release|Any CPU = Release|Any CPU
	EndGlobalSection
	GlobalSection(ProjectConfigurationPlatforms) = postSolution
		{81734333-C2F6-4147-A46F-44250A681D8B}.Debug|Any CPU.ActiveCfg = Debug|Any CPU
		{81734333-C2F6-4147-A46F-44250A681D8B}.Debug|Any CPU.Build.0 = Debug|Any CPU
		{81734333-C2F6-4147-A46F-44250A681D8B}.Release|Any CPU.ActiveCfg = Release|Any CPU
		{81734333-C2F6-4147-A46F-44250A681D8B}.Release|Any CPU.Build.0 = Release|Any CPU
		{B12A007E-F453-4EE4-B806-C972CF815D86}.Debug|Any CPU.ActiveCfg = Debug|Any CPU
		{B12A007E-F453-4EE4-B806-C972CF815D86}.Debug|Any CPU.Build.0 = Debug|Any CPU
		{B12A007E-F453-4EE4-B806-C972CF815D86}.Release|Any CPU.ActiveCfg = Release|Any CPU
		{B12A007E-F453-4EE4-B806-C972CF815D86}.Release|Any CPU.Build.0 = Release|Any CPU
	EndGlobalSection
	GlobalSection(SolutionProperties) = preSolution
		HideSolutionNode = FALSE
	EndGlobalSection
	GlobalSection(ExtensibilityGlobals) = postSolution
		SolutionGuid = {B449C107-0B00-4EB9-8654-74B383DEDAF2}
	EndGlobalSection
EndGlobal
